{
	"archiveVersion" = "1";
	"classes" =
		{
		};
	"objectVersion" = "46";
	"objects" =
		{
			"100000000000000000000002" =
				{
					"isa" = "PBXGroup";
					"children" =
						("608B030DBEA04B6E82B88853", "9BBC1D16170B40B7A819BEAB");
					"sourceTree" = "<group>";
				};
			"100000000000000000000006" =
				{
					"isa" = "PBXNativeTarget";
					"buildPhases" =
						("100000000000000000000007");
					"buildRules" =
						();
					"dependencies" =
						();
					"name" = "test";
					"productName" = "test";
					"productType" = "com.apple.product-type.application";
				};
			"100000000000000000000001" =
				{
					"isa" = "PBXProject";
					"attributes" =
						{
							"LastUpgradeCheck" = "0620";
						};
					"buildConfigurationList" = "100000000000000000000003";
					"compatibilityVersion" = "Xcode 3.2";
					"developmentRegion" = "English";
					"hasScannedForEncodings" = "0";
					"knownRegions" =
						("en");
					"mainGroup" = "100000000000000000000002";
					"projectDirPath" = "";
					"projectRoot" = "";
					"targets" =
						("100000000000000000000006");
				};
			"100000000000000000000007" =
				{
					"isa" = "PBXSourcesBuildPhase";
					"buildActionMask" = "2147483647";
					"files" =
						();
					"runOnlyForDeploymentPostprocessing" = "0";
				};
			"100000000000000000000004" =
				{
					"isa" = "XCBuildConfiguration";
					"buildSettings" =
						{
							"INFOPLIST_FILE" = "/Users/rolangom/Projects/libgdx/Ras/ios/Info.plist.xml";
							"SDKROOT" = "iphoneos";
							"TARGETED_DEVICE_FAMILY" = "1,2";
							"GCC_PRECOMPILE_PREFIX_HEADER" = "YES";
							"GCC_PREFIX_HEADER" = "/Users/rolangom/Projects/libgdx/Ras/ios/robovm-build/xcode/.ib/Prefix.pch";
						};
					"name" = "Debug";
				};
			"100000000000000000000005" =
				{
					"isa" = "XCBuildConfiguration";
					"buildSettings" =
						{
							"INFOPLIST_FILE" = "/Users/rolangom/Projects/libgdx/Ras/ios/Info.plist.xml";
							"SDKROOT" = "iphoneos";
							"TARGETED_DEVICE_FAMILY" = "1,2";
							"GCC_PRECOMPILE_PREFIX_HEADER" = "YES";
							"GCC_PREFIX_HEADER" = "/Users/rolangom/Projects/libgdx/Ras/ios/robovm-build/xcode/.ib/Prefix.pch";
						};
					"name" = "Release";
				};
			"100000000000000000000003" =
				{
					"isa" = "XCConfigurationList";
					"buildConfigurations" =
						("100000000000000000000004", "100000000000000000000005");
					"defaultConfigurationIsVisible" = "0";
					"defaultConfigurationName" = "Release";
				};
			"608B030DBEA04B6E82B88853" =
				{
					"isa" = "PBXGroup";
					"children" =
						("F7B8D88BA58C4512A0B985BC", "C861EFA0B5FB483DAA4937D2", "FDAA7841A695407D9A6994BF",
 "924E60450A8C44B0970EB1D5", "C2FEC313BB2545DAA257871A", "86D39F04941D4E929D69FB22",
 "DE4E1571A9D3489C988B992E", "40C4B12CDD894A89AFFA4F67", "7588D023B182433582E87C4A",
 "38C20910192C4C5A932DDE04", "56001EEA4F3D40FDAAF6CC03", "3773A35D9615416B867F4F05",
 "0795FE119BC6471EA71D34B8", "185FA0FC5ECE4DB89CD535EC", "E0EA0713CC564773800E90E8"
);
					"name" = "Resources";
					"sourceTree" = "<absolute>";
					"path" = "/Users/rolangom/Projects/libgdx/Ras/ios/data";
				};
			"C2FEC313BB2545DAA257871A" =
				{
					"isa" = "PBXFileReference";
					"name" = "Default-375w-667h@2x.png";
					"lastKnownFileType" = "image.png";
					"sourceTree" = "<group>";
					"path" = "Default-375w-667h@2x.png";
				};
			"86D39F04941D4E929D69FB22" =
				{
					"isa" = "PBXFileReference";
					"name" = "Default-414w-736h@3x.png";
					"lastKnownFileType" = "image.png";
					"sourceTree" = "<group>";
					"path" = "Default-414w-736h@3x.png";
				};
			"DE4E1571A9D3489C988B992E" =
				{
					"isa" = "PBXFileReference";
					"name" = "Default-568h@2x.png";
					"lastKnownFileType" = "image.png";
					"sourceTree" = "<group>";
					"path" = "Default-568h@2x.png";
				};
			"40C4B12CDD894A89AFFA4F67" =
				{
					"isa" = "PBXFileReference";
					"name" = "Default.png";
					"lastKnownFileType" = "image.png";
					"sourceTree" = "<group>";
					"path" = "Default.png";
				};
			"7588D023B182433582E87C4A" =
				{
					"isa" = "PBXFileReference";
					"name" = "Default@2x.png";
					"lastKnownFileType" = "image.png";
					"sourceTree" = "<group>";
					"path" = "Default@2x.png";
				};
			"38C20910192C4C5A932DDE04" =
				{
					"isa" = "PBXFileReference";
					"name" = "Default@2x~ipad.png";
					"lastKnownFileType" = "image.png";
					"sourceTree" = "<group>";
					"path" = "Default@2x~ipad.png";
				};
			"56001EEA4F3D40FDAAF6CC03" =
				{
					"isa" = "PBXFileReference";
					"name" = "Default~ipad.png";
					"lastKnownFileType" = "image.png";
					"sourceTree" = "<group>";
					"path" = "Default~ipad.png";
				};
			"3773A35D9615416B867F4F05" =
				{
					"isa" = "PBXFileReference";
					"name" = "Icon-72.png";
					"lastKnownFileType" = "image.png";
					"sourceTree" = "<group>";
					"path" = "Icon-72.png";
				};
			"0795FE119BC6471EA71D34B8" =
				{
					"isa" = "PBXFileReference";
					"name" = "Icon-72@2x.png";
					"lastKnownFileType" = "image.png";
					"sourceTree" = "<group>";
					"path" = "Icon-72@2x.png";
				};
			"185FA0FC5ECE4DB89CD535EC" =
				{
					"isa" = "PBXFileReference";
					"name" = "Icon.png";
					"lastKnownFileType" = "image.png";
					"sourceTree" = "<group>";
					"path" = "Icon.png";
				};
			"E0EA0713CC564773800E90E8" =
				{
					"isa" = "PBXFileReference";
					"name" = "Icon@2x.png";
					"lastKnownFileType" = "image.png";
					"sourceTree" = "<group>";
					"path" = "Icon@2x.png";
				};
			"EECFA0C127A34006AB71AD4A" =
				{
					"isa" = "PBXFileReference";
					"name" = "Info.plist";
					"explicitFileType" = "text.plist.info";
					"sourceTree" = "<group>";
					"path" = "Info.plist.xml";
				};
			"9BBC1D16170B40B7A819BEAB" =
				{
					"isa" = "PBXGroup";
					"children" =
						("EECFA0C127A34006AB71AD4A");
					"name" = "Supporting Files";
					"sourceTree" = "<absolute>";
					"path" = "/Users/rolangom/Projects/libgdx/Ras/ios";
				};
			"C357D14E8EA94CC9A71DE459" =
				{
					"isa" = "PBXFileReference";
					"name" = "player_01_anims.png";
					"lastKnownFileType" = "image.png";
					"sourceTree" = "<group>";
					"path" = "player_01_anims.png";
				};
			"F7B8D88BA58C4512A0B985BC" =
				{
					"isa" = "PBXGroup";
					"children" =
						("C357D14E8EA94CC9A71DE459", "0CFCB29765834DC5B8F58E93");
					"name" = "atlas";
					"sourceTree" = "<group>";
					"path" = "atlas";
				};
			"0CFCB29765834DC5B8F58E93" =
				{
					"isa" = "PBXFileReference";
					"name" = "worldAtlas.png";
					"lastKnownFileType" = "image.png";
					"sourceTree" = "<group>";
					"path" = "worldAtlas.png";
				};
			"924E60450A8C44B0970EB1D5" =
				{
					"isa" = "PBXFileReference";
					"name" = "badlogic.jpg";
					"lastKnownFileType" = "image.jpeg";
					"sourceTree" = "<group>";
					"path" = "badlogic.jpg";
				};
			"20DC8E38808043C48E3F8EB4" =
				{
					"isa" = "PBXFileReference";
					"name" = "AldotheApache.ttf";
					"lastKnownFileType" = "file";
					"sourceTree" = "<group>";
					"path" = "AldotheApache.ttf";
				};
			"C861EFA0B5FB483DAA4937D2" =
				{
					"isa" = "PBXGroup";
					"children" =
						("20DC8E38808043C48E3F8EB4");
					"name" = "fonts";
					"sourceTree" = "<group>";
					"path" = "fonts";
				};
			"08C54E35B55C4C32A8434F26" =
				{
					"isa" = "PBXFileReference";
					"name" = "chain.png";
					"lastKnownFileType" = "image.png";
					"sourceTree" = "<group>";
					"path" = "chain.png";
				};
			"FDAA7841A695407D9A6994BF" =
				{
					"isa" = "PBXGroup";
					"children" =
						("08C54E35B55C4C32A8434F26", "5E5B374375104DA0BCFE64E4", "FE4C077E582144D7977BCD16",
 "82287B1E9C524D52AF512B99", "3B7D35414D2642C2884E8936", "C4B7C7B18CE445A7AC4431D0",
 "DB8A456B34274B9280500AE8", "2393B4A5075242D9BA7DE934", "6715DF936A8F4CA5A29FA129",
 "214A15D1B481489FBB6FCE9A", "3CEB1ACBD4874FA5BEAB8834", "F3E7C89E756B4D608A8622F2",
 "6609B8F4F32F41FB927152FC");
					"name" = "imgs";
					"sourceTree" = "<group>";
					"path" = "imgs";
				};
			"5E5B374375104DA0BCFE64E4" =
				{
					"isa" = "PBXFileReference";
					"name" = "city0.png";
					"lastKnownFileType" = "image.png";
					"sourceTree" = "<group>";
					"path" = "city0.png";
				};
			"FE4C077E582144D7977BCD16" =
				{
					"isa" = "PBXFileReference";
					"name" = "city1.png";
					"lastKnownFileType" = "image.png";
					"sourceTree" = "<group>";
					"path" = "city1.png";
				};
			"82287B1E9C524D52AF512B99" =
				{
					"isa" = "PBXFileReference";
					"name" = "mountains0.png";
					"lastKnownFileType" = "image.png";
					"sourceTree" = "<group>";
					"path" = "mountains0.png";
				};
			"3B7D35414D2642C2884E8936" =
				{
					"isa" = "PBXFileReference";
					"name" = "mountains1.png";
					"lastKnownFileType" = "image.png";
					"sourceTree" = "<group>";
					"path" = "mountains1.png";
				};
			"C4B7C7B18CE445A7AC4431D0" =
				{
					"isa" = "PBXFileReference";
					"name" = "plat.png";
					"lastKnownFileType" = "image.png";
					"sourceTree" = "<group>";
					"path" = "plat.png";
				};
			"DB8A456B34274B9280500AE8" =
				{
					"isa" = "PBXFileReference";
					"name" = "platBlue.png";
					"lastKnownFileType" = "image.png";
					"sourceTree" = "<group>";
					"path" = "platBlue.png";
				};
			"2393B4A5075242D9BA7DE934" =
				{
					"isa" = "PBXFileReference";
					"name" = "platRed.png";
					"lastKnownFileType" = "image.png";
					"sourceTree" = "<group>";
					"path" = "platRed.png";
				};
			"6715DF936A8F4CA5A29FA129" =
				{
					"isa" = "PBXFileReference";
					"name" = "platWoDa.png";
					"lastKnownFileType" = "image.png";
					"sourceTree" = "<group>";
					"path" = "platWoDa.png";
				};
			"214A15D1B481489FBB6FCE9A" =
				{
					"isa" = "PBXFileReference";
					"name" = "platWoLi.png";
					"lastKnownFileType" = "image.png";
					"sourceTree" = "<group>";
					"path" = "platWoLi.png";
				};
			"3CEB1ACBD4874FA5BEAB8834" =
				{
					"isa" = "PBXFileReference";
					"name" = "trees0.png";
					"lastKnownFileType" = "image.png";
					"sourceTree" = "<group>";
					"path" = "trees0.png";
				};
			"F3E7C89E756B4D608A8622F2" =
				{
					"isa" = "PBXFileReference";
					"name" = "trees1.png";
					"lastKnownFileType" = "image.png";
					"sourceTree" = "<group>";
					"path" = "trees1.png";
				};
			"6609B8F4F32F41FB927152FC" =
				{
					"isa" = "PBXFileReference";
					"name" = "trees2a.png";
					"lastKnownFileType" = "image.png";
					"sourceTree" = "<group>";
					"path" = "trees2a.png";
				};
		};
	"rootObject" = "100000000000000000000001";
}
