{
	"archiveVersion" = "1";
	"classes" =
		{
		};
	"objectVersion" = "46";
	"objects" =
		{
			"100000000000000000000002" =
				{
					"isa" = "PBXGroup";
					"children" =
						("608B030DBEA04B6E82B88853", "9BBC1D16170B40B7A819BEAB");
					"sourceTree" = "<group>";
				};
			"100000000000000000000006" =
				{
					"isa" = "PBXNativeTarget";
					"buildPhases" =
						("100000000000000000000007");
					"buildRules" =
						();
					"dependencies" =
						();
					"name" = "test";
					"productName" = "test";
					"productType" = "com.apple.product-type.application";
				};
			"100000000000000000000001" =
				{
					"isa" = "PBXProject";
					"attributes" =
						{
							"LastUpgradeCheck" = "0620";
						};
					"buildConfigurationList" = "100000000000000000000003";
					"compatibilityVersion" = "Xcode 3.2";
					"developmentRegion" = "English";
					"hasScannedForEncodings" = "0";
					"knownRegions" =
						("en");
					"mainGroup" = "100000000000000000000002";
					"projectDirPath" = "";
					"projectRoot" = "";
					"targets" =
						("100000000000000000000006");
				};
			"100000000000000000000007" =
				{
					"isa" = "PBXSourcesBuildPhase";
					"buildActionMask" = "2147483647";
					"files" =
						();
					"runOnlyForDeploymentPostprocessing" = "0";
				};
			"100000000000000000000004" =
				{
					"isa" = "XCBuildConfiguration";
					"buildSettings" =
						{
							"INFOPLIST_FILE" = "/Users/rolangom/Projects/libgdx/Ras/ios/Info.plist.xml";
							"SDKROOT" = "iphoneos";
							"TARGETED_DEVICE_FAMILY" = "1,2";
							"GCC_PRECOMPILE_PREFIX_HEADER" = "YES";
							"GCC_PREFIX_HEADER" = "/Users/rolangom/Projects/libgdx/Ras/ios/robovm-build/xcode/.ib/Prefix.pch";
						};
					"name" = "Debug";
				};
			"100000000000000000000005" =
				{
					"isa" = "XCBuildConfiguration";
					"buildSettings" =
						{
							"INFOPLIST_FILE" = "/Users/rolangom/Projects/libgdx/Ras/ios/Info.plist.xml";
							"SDKROOT" = "iphoneos";
							"TARGETED_DEVICE_FAMILY" = "1,2";
							"GCC_PRECOMPILE_PREFIX_HEADER" = "YES";
							"GCC_PREFIX_HEADER" = "/Users/rolangom/Projects/libgdx/Ras/ios/robovm-build/xcode/.ib/Prefix.pch";
						};
					"name" = "Release";
				};
			"100000000000000000000003" =
				{
					"isa" = "XCConfigurationList";
					"buildConfigurations" =
						("100000000000000000000004", "100000000000000000000005");
					"defaultConfigurationIsVisible" = "0";
					"defaultConfigurationName" = "Release";
				};
			"608B030DBEA04B6E82B88853" =
				{
					"isa" = "PBXGroup";
					"children" =
						("251AF5CD603C40C2AC93257E", "873CBACD79594234A1FF4551", "A2973DFD3EFB414F81FB0000",
 "7CBCFCA7ABF642A98160208E", "C2FEC313BB2545DAA257871A", "86D39F04941D4E929D69FB22",
 "DE4E1571A9D3489C988B992E", "40C4B12CDD894A89AFFA4F67", "7588D023B182433582E87C4A",
 "38C20910192C4C5A932DDE04", "56001EEA4F3D40FDAAF6CC03", "3773A35D9615416B867F4F05",
 "0795FE119BC6471EA71D34B8", "185FA0FC5ECE4DB89CD535EC", "E0EA0713CC564773800E90E8"
);
					"name" = "Resources";
					"sourceTree" = "<absolute>";
					"path" = "/Users/rolangom/Projects/libgdx/Ras/ios/data";
				};
			"C2FEC313BB2545DAA257871A" =
				{
					"isa" = "PBXFileReference";
					"name" = "Default-375w-667h@2x.png";
					"lastKnownFileType" = "image.png";
					"sourceTree" = "<group>";
					"path" = "Default-375w-667h@2x.png";
				};
			"86D39F04941D4E929D69FB22" =
				{
					"isa" = "PBXFileReference";
					"name" = "Default-414w-736h@3x.png";
					"lastKnownFileType" = "image.png";
					"sourceTree" = "<group>";
					"path" = "Default-414w-736h@3x.png";
				};
			"DE4E1571A9D3489C988B992E" =
				{
					"isa" = "PBXFileReference";
					"name" = "Default-568h@2x.png";
					"lastKnownFileType" = "image.png";
					"sourceTree" = "<group>";
					"path" = "Default-568h@2x.png";
				};
			"40C4B12CDD894A89AFFA4F67" =
				{
					"isa" = "PBXFileReference";
					"name" = "Default.png";
					"lastKnownFileType" = "image.png";
					"sourceTree" = "<group>";
					"path" = "Default.png";
				};
			"7588D023B182433582E87C4A" =
				{
					"isa" = "PBXFileReference";
					"name" = "Default@2x.png";
					"lastKnownFileType" = "image.png";
					"sourceTree" = "<group>";
					"path" = "Default@2x.png";
				};
			"38C20910192C4C5A932DDE04" =
				{
					"isa" = "PBXFileReference";
					"name" = "Default@2x~ipad.png";
					"lastKnownFileType" = "image.png";
					"sourceTree" = "<group>";
					"path" = "Default@2x~ipad.png";
				};
			"56001EEA4F3D40FDAAF6CC03" =
				{
					"isa" = "PBXFileReference";
					"name" = "Default~ipad.png";
					"lastKnownFileType" = "image.png";
					"sourceTree" = "<group>";
					"path" = "Default~ipad.png";
				};
			"3773A35D9615416B867F4F05" =
				{
					"isa" = "PBXFileReference";
					"name" = "Icon-72.png";
					"lastKnownFileType" = "image.png";
					"sourceTree" = "<group>";
					"path" = "Icon-72.png";
				};
			"0795FE119BC6471EA71D34B8" =
				{
					"isa" = "PBXFileReference";
					"name" = "Icon-72@2x.png";
					"lastKnownFileType" = "image.png";
					"sourceTree" = "<group>";
					"path" = "Icon-72@2x.png";
				};
			"185FA0FC5ECE4DB89CD535EC" =
				{
					"isa" = "PBXFileReference";
					"name" = "Icon.png";
					"lastKnownFileType" = "image.png";
					"sourceTree" = "<group>";
					"path" = "Icon.png";
				};
			"E0EA0713CC564773800E90E8" =
				{
					"isa" = "PBXFileReference";
					"name" = "Icon@2x.png";
					"lastKnownFileType" = "image.png";
					"sourceTree" = "<group>";
					"path" = "Icon@2x.png";
				};
			"EECFA0C127A34006AB71AD4A" =
				{
					"isa" = "PBXFileReference";
					"name" = "Info.plist";
					"explicitFileType" = "text.plist.info";
					"sourceTree" = "<group>";
					"path" = "Info.plist.xml";
				};
			"9BBC1D16170B40B7A819BEAB" =
				{
					"isa" = "PBXGroup";
					"children" =
						("EECFA0C127A34006AB71AD4A");
					"name" = "Supporting Files";
					"sourceTree" = "<absolute>";
					"path" = "/Users/rolangom/Projects/libgdx/Ras/ios";
				};
			"7179CCB2250D47F8905EE99F" =
				{
					"isa" = "PBXFileReference";
					"name" = "player_01_anims.png";
					"lastKnownFileType" = "image.png";
					"sourceTree" = "<group>";
					"path" = "player_01_anims.png";
				};
			"251AF5CD603C40C2AC93257E" =
				{
					"isa" = "PBXGroup";
					"children" =
						("7179CCB2250D47F8905EE99F", "53F61E08704D491BAA0821B7");
					"name" = "atlas";
					"sourceTree" = "<group>";
					"path" = "atlas";
				};
			"53F61E08704D491BAA0821B7" =
				{
					"isa" = "PBXFileReference";
					"name" = "worldAtlas.png";
					"lastKnownFileType" = "image.png";
					"sourceTree" = "<group>";
					"path" = "worldAtlas.png";
				};
			"7CBCFCA7ABF642A98160208E" =
				{
					"isa" = "PBXFileReference";
					"name" = "badlogic.jpg";
					"lastKnownFileType" = "image.jpeg";
					"sourceTree" = "<group>";
					"path" = "badlogic.jpg";
				};
			"F5C0FD0F2F3F4FC284A2B4E4" =
				{
					"isa" = "PBXFileReference";
					"name" = "AldotheApache.ttf";
					"lastKnownFileType" = "file";
					"sourceTree" = "<group>";
					"path" = "AldotheApache.ttf";
				};
			"873CBACD79594234A1FF4551" =
				{
					"isa" = "PBXGroup";
					"children" =
						("F5C0FD0F2F3F4FC284A2B4E4");
					"name" = "fonts";
					"sourceTree" = "<group>";
					"path" = "fonts";
				};
			"3E7F6A411527451C9539B3E7" =
				{
					"isa" = "PBXFileReference";
					"name" = "chain.png";
					"lastKnownFileType" = "image.png";
					"sourceTree" = "<group>";
					"path" = "chain.png";
				};
			"A2973DFD3EFB414F81FB0000" =
				{
					"isa" = "PBXGroup";
					"children" =
						("3E7F6A411527451C9539B3E7", "D116631992F9414FA90DCFEF", "5C23255FFB674DDBB8C1519C",
 "62B52B777D124A138CAC5E2F", "76B9A92C7BA148789D909D0D", "C52531A194094E229D4A9CC0",
 "55945F8204FB411DA1EA02B4", "FD0C9E75AC564122A5D6BD68", "D95170E5F74C4A1DA0FDD983",
 "04335EEAF2824E5FB2E0834B", "568CCCBB7134475486774776", "A580521B73BD4558BAF42736",
 "6A440FDF62DD41E797E2B7BA");
					"name" = "imgs";
					"sourceTree" = "<group>";
					"path" = "imgs";
				};
			"D116631992F9414FA90DCFEF" =
				{
					"isa" = "PBXFileReference";
					"name" = "city0.png";
					"lastKnownFileType" = "image.png";
					"sourceTree" = "<group>";
					"path" = "city0.png";
				};
			"5C23255FFB674DDBB8C1519C" =
				{
					"isa" = "PBXFileReference";
					"name" = "city1.png";
					"lastKnownFileType" = "image.png";
					"sourceTree" = "<group>";
					"path" = "city1.png";
				};
			"62B52B777D124A138CAC5E2F" =
				{
					"isa" = "PBXFileReference";
					"name" = "mountains0.png";
					"lastKnownFileType" = "image.png";
					"sourceTree" = "<group>";
					"path" = "mountains0.png";
				};
			"76B9A92C7BA148789D909D0D" =
				{
					"isa" = "PBXFileReference";
					"name" = "mountains1.png";
					"lastKnownFileType" = "image.png";
					"sourceTree" = "<group>";
					"path" = "mountains1.png";
				};
			"C52531A194094E229D4A9CC0" =
				{
					"isa" = "PBXFileReference";
					"name" = "plat.png";
					"lastKnownFileType" = "image.png";
					"sourceTree" = "<group>";
					"path" = "plat.png";
				};
			"55945F8204FB411DA1EA02B4" =
				{
					"isa" = "PBXFileReference";
					"name" = "platBlue.png";
					"lastKnownFileType" = "image.png";
					"sourceTree" = "<group>";
					"path" = "platBlue.png";
				};
			"FD0C9E75AC564122A5D6BD68" =
				{
					"isa" = "PBXFileReference";
					"name" = "platRed.png";
					"lastKnownFileType" = "image.png";
					"sourceTree" = "<group>";
					"path" = "platRed.png";
				};
			"D95170E5F74C4A1DA0FDD983" =
				{
					"isa" = "PBXFileReference";
					"name" = "platWoDa.png";
					"lastKnownFileType" = "image.png";
					"sourceTree" = "<group>";
					"path" = "platWoDa.png";
				};
			"04335EEAF2824E5FB2E0834B" =
				{
					"isa" = "PBXFileReference";
					"name" = "platWoLi.png";
					"lastKnownFileType" = "image.png";
					"sourceTree" = "<group>";
					"path" = "platWoLi.png";
				};
			"568CCCBB7134475486774776" =
				{
					"isa" = "PBXFileReference";
					"name" = "trees0.png";
					"lastKnownFileType" = "image.png";
					"sourceTree" = "<group>";
					"path" = "trees0.png";
				};
			"A580521B73BD4558BAF42736" =
				{
					"isa" = "PBXFileReference";
					"name" = "trees1.png";
					"lastKnownFileType" = "image.png";
					"sourceTree" = "<group>";
					"path" = "trees1.png";
				};
			"6A440FDF62DD41E797E2B7BA" =
				{
					"isa" = "PBXFileReference";
					"name" = "trees2a.png";
					"lastKnownFileType" = "image.png";
					"sourceTree" = "<group>";
					"path" = "trees2a.png";
				};
		};
	"rootObject" = "100000000000000000000001";
}
